
Microsoft Visual Studio Solution File, Format Version 12.00
# Visual Studio 2012
Project("{FAE04EC0-301F-11D3-BF4B-00C04F79EFBC}") = "natport3", "natport3\natport3.csproj", "{4451EC1C-C607-4876-A6F0-441C0A720923}"
EndProject
Project("{2150E333-8FDC-42A3-9474-1A3956D46DE8}") = ".nuget", ".nuget", "{0F9D81F5-871C-40B1-A10C-0ECD41189BBA}"
	ProjectSection(SolutionItems) = preProject
		.nuget\NuGet.Config = .nuget\NuGet.Config
		.nuget\NuGet.exe = .nuget\NuGet.exe
		.nuget\NuGet.targets = .nuget\NuGet.targets
	EndProjectSection
EndProject
Project("{2150E333-8FDC-42A3-9474-1A3956D46DE8}") = "Content", "Content", "{400FFA91-8C46-4847-988E-3F0F9F9A9DB1}"
	ProjectSection(SolutionItems) = preProject
		site.css = site.css
	EndProjectSection
EndProject
Project("{2150E333-8FDC-42A3-9474-1A3956D46DE8}") = "Images", "Images", "{BFE419A8-A7C8-4DF2-B249-50094FAA267E}"
	ProjectSection(SolutionItems) = preProject
		natport3\Images\toplogo.png = natport3\Images\toplogo.png
	EndProjectSection
EndProject
Global
	GlobalSection(SolutionConfigurationPlatforms) = preSolution
		Debug|Any CPU = Debug|Any CPU
		Release|Any CPU = Release|Any CPU
	EndGlobalSection
	GlobalSection(ProjectConfigurationPlatforms) = postSolution
		{4451EC1C-C607-4876-A6F0-441C0A720923}.Debug|Any CPU.ActiveCfg = Debug|Any CPU
		{4451EC1C-C607-4876-A6F0-441C0A720923}.Debug|Any CPU.Build.0 = Debug|Any CPU
		{4451EC1C-C607-4876-A6F0-441C0A720923}.Release|Any CPU.ActiveCfg = Release|Any CPU
		{4451EC1C-C607-4876-A6F0-441C0A720923}.Release|Any CPU.Build.0 = Release|Any CPU
	EndGlobalSection
	GlobalSection(SolutionProperties) = preSolution
		HideSolutionNode = FALSE
	EndGlobalSection
EndGlobal
